
Microsoft Visual Studio Solution File, Format Version 12.00
# Visual Studio Version 16
VisualStudioVersion = 16.0.30503.244
MinimumVisualStudioVersion = 10.0.40219.1
Project("{FAE04EC0-301F-11D3-BF4B-00C04F79EFBC}") = "MiPrimerProyecto", "MiPrimerProyecto.csproj", "{D46E4582-46A3-48DE-8160-A675AE6004FD}"
EndProject
Global
	GlobalSection(SolutionConfigurationPlatforms) = preSolution
		Debug|Any CPU = Debug|Any CPU
		Release|Any CPU = Release|Any CPU
	EndGlobalSection
	GlobalSection(ProjectConfigurationPlatforms) = postSolution
		{D46E4582-46A3-48DE-8160-A675AE6004FD}.Debug|Any CPU.ActiveCfg = Debug|Any CPU
		{D46E4582-46A3-48DE-8160-A675AE6004FD}.Debug|Any CPU.Build.0 = Debug|Any CPU
		{D46E4582-46A3-48DE-8160-A675AE6004FD}.Release|Any CPU.ActiveCfg = Release|Any CPU
		{D46E4582-46A3-48DE-8160-A675AE6004FD}.Release|Any CPU.Build.0 = Release|Any CPU
	EndGlobalSection
	GlobalSection(SolutionProperties) = preSolution
		HideSolutionNode = FALSE
	EndGlobalSection
	GlobalSection(ExtensibilityGlobals) = postSolution
		SolutionGuid = {F86979B0-D8D1-43C0-A760-2FE2393B3B1D}
	EndGlobalSection
EndGlobal
